
Microsoft Visual Studio Solution File, Format Version 12.00
# Visual Studio Version 17
VisualStudioVersion = 17.9.34622.214
MinimumVisualStudioVersion = 10.0.40219.1
Project("{FAE04EC0-301F-11D3-BF4B-00C04F79EFBC}") = "user_profile_service", "user_profile_service.csproj", "{53DB9793-4AAA-49A8-B05F-787DB0C5C7F9}"
EndProject
Global
	GlobalSection(SolutionConfigurationPlatforms) = preSolution
		Debug|Any CPU = Debug|Any CPU
		Release|Any CPU = Release|Any CPU
	EndGlobalSection
	GlobalSection(ProjectConfigurationPlatforms) = postSolution
		{53DB9793-4AAA-49A8-B05F-787DB0C5C7F9}.Debug|Any CPU.ActiveCfg = Debug|Any CPU
		{53DB9793-4AAA-49A8-B05F-787DB0C5C7F9}.Debug|Any CPU.Build.0 = Debug|Any CPU
		{53DB9793-4AAA-49A8-B05F-787DB0C5C7F9}.Release|Any CPU.ActiveCfg = Release|Any CPU
		{53DB9793-4AAA-49A8-B05F-787DB0C5C7F9}.Release|Any CPU.Build.0 = Release|Any CPU
	EndGlobalSection
	GlobalSection(SolutionProperties) = preSolution
		HideSolutionNode = FALSE
	EndGlobalSection
	GlobalSection(ExtensibilityGlobals) = postSolution
		SolutionGuid = {2C004DF3-4A24-4379-8457-3586C912E370}
	EndGlobalSection
EndGlobal
